// !$*UTF8*$!
{
	archiveVersion = 1;
	classes = {
	};
	objectVersion = 51;
	objects = {

/* Begin PBXBuildFile section */
		C62821F223F8EFE1005D4F89 /* Charts.framework in Frameworks */ = {isa = PBXBuildFile; fileRef = C62821F123F8EFE1005D4F89 /* Charts.framework */; };
		C62821F523F8F76C005D4F89 /* constants.swift in Sources */ = {isa = PBXBuildFile; fileRef = C62821F423F8F76C005D4F89 /* constants.swift */; };
		C652EEE123F871EF007B9207 /* AppDelegate.swift in Sources */ = {isa = PBXBuildFile; fileRef = C652EEE023F871EF007B9207 /* AppDelegate.swift */; };
		C652EEE323F871EF007B9207 /* SceneDelegate.swift in Sources */ = {isa = PBXBuildFile; fileRef = C652EEE223F871EF007B9207 /* SceneDelegate.swift */; };
		C652EEE523F871EF007B9207 /* DashboardScreen.swift in Sources */ = {isa = PBXBuildFile; fileRef = C652EEE423F871EF007B9207 /* DashboardScreen.swift */; };
		C652EEE823F871EF007B9207 /* Main.storyboard in Resources */ = {isa = PBXBuildFile; fileRef = C652EEE623F871EF007B9207 /* Main.storyboard */; };
		C652EEEA23F871F1007B9207 /* Assets.xcassets in Resources */ = {isa = PBXBuildFile; fileRef = C652EEE923F871F1007B9207 /* Assets.xcassets */; };
		C652EEED23F871F1007B9207 /* LaunchScreen.storyboard in Resources */ = {isa = PBXBuildFile; fileRef = C652EEEB23F871F1007B9207 /* LaunchScreen.storyboard */; };
		C652EEF723F872CB007B9207 /* Dashboard.storyboard in Resources */ = {isa = PBXBuildFile; fileRef = C652EEF623F872CB007B9207 /* Dashboard.storyboard */; };
		C652EEF923F87324007B9207 /* Control.storyboard in Resources */ = {isa = PBXBuildFile; fileRef = C652EEF823F87324007B9207 /* Control.storyboard */; };
		C652EEFB23F8733E007B9207 /* ControlScreen.swift in Sources */ = {isa = PBXBuildFile; fileRef = C652EEFA23F8733E007B9207 /* ControlScreen.swift */; };
		C652EEFE23F87688007B9207 /* Sensor.swift in Sources */ = {isa = PBXBuildFile; fileRef = C652EEFD23F87688007B9207 /* Sensor.swift */; };
		C652EF0123F87C03007B9207 /* SensorCell.swift in Sources */ = {isa = PBXBuildFile; fileRef = C652EF0023F87C03007B9207 /* SensorCell.swift */; };
		D587B63990BDAFC005E07B38 /* Pods_Irrizone.framework in Frameworks */ = {isa = PBXBuildFile; fileRef = 1E554A935B72E217B9F1F751 /* Pods_Irrizone.framework */; };
/* End PBXBuildFile section */

/* Begin PBXFileReference section */
		1E554A935B72E217B9F1F751 /* Pods_Irrizone.framework */ = {isa = PBXFileReference; explicitFileType = wrapper.framework; includeInIndex = 0; path = Pods_Irrizone.framework; sourceTree = BUILT_PRODUCTS_DIR; };
		90C06A749C754511C27F509B /* Pods-Irrizone.release.xcconfig */ = {isa = PBXFileReference; includeInIndex = 1; lastKnownFileType = text.xcconfig; name = "Pods-Irrizone.release.xcconfig"; path = "Target Support Files/Pods-Irrizone/Pods-Irrizone.release.xcconfig"; sourceTree = "<group>"; };
		C13A914029A8D4D033A8E8E4 /* Pods-Irrizone.debug.xcconfig */ = {isa = PBXFileReference; includeInIndex = 1; lastKnownFileType = text.xcconfig; name = "Pods-Irrizone.debug.xcconfig"; path = "Target Support Files/Pods-Irrizone/Pods-Irrizone.debug.xcconfig"; sourceTree = "<group>"; };
		C62821E623F8EF22005D4F89 /* Charts.framework */ = {isa = PBXFileReference; explicitFileType = wrapper.framework; path = Charts.framework; sourceTree = BUILT_PRODUCTS_DIR; };
		C62821ED23F8EF85005D4F89 /* Charts.framework */ = {isa = PBXFileReference; explicitFileType = wrapper.framework; path = Charts.framework; sourceTree = BUILT_PRODUCTS_DIR; };
		C62821F123F8EFE1005D4F89 /* Charts.framework */ = {isa = PBXFileReference; explicitFileType = wrapper.framework; path = Charts.framework; sourceTree = BUILT_PRODUCTS_DIR; };
		C62821F423F8F76C005D4F89 /* constants.swift */ = {isa = PBXFileReference; lastKnownFileType = sourcecode.swift; path = constants.swift; sourceTree = "<group>"; };
		C652EEDD23F871EF007B9207 /* Irrizone.app */ = {isa = PBXFileReference; explicitFileType = wrapper.application; includeInIndex = 0; path = Irrizone.app; sourceTree = BUILT_PRODUCTS_DIR; };
		C652EEE023F871EF007B9207 /* AppDelegate.swift */ = {isa = PBXFileReference; lastKnownFileType = sourcecode.swift; path = AppDelegate.swift; sourceTree = "<group>"; };
		C652EEE223F871EF007B9207 /* SceneDelegate.swift */ = {isa = PBXFileReference; lastKnownFileType = sourcecode.swift; path = SceneDelegate.swift; sourceTree = "<group>"; };
		C652EEE423F871EF007B9207 /* DashboardScreen.swift */ = {isa = PBXFileReference; lastKnownFileType = sourcecode.swift; path = DashboardScreen.swift; sourceTree = "<group>"; };
		C652EEE723F871EF007B9207 /* Base */ = {isa = PBXFileReference; lastKnownFileType = file.storyboard; name = Base; path = Base.lproj/Main.storyboard; sourceTree = "<group>"; };
		C652EEE923F871F1007B9207 /* Assets.xcassets */ = {isa = PBXFileReference; lastKnownFileType = folder.assetcatalog; path = Assets.xcassets; sourceTree = "<group>"; };
		C652EEEC23F871F1007B9207 /* Base */ = {isa = PBXFileReference; lastKnownFileType = file.storyboard; name = Base; path = Base.lproj/LaunchScreen.storyboard; sourceTree = "<group>"; };
		C652EEEE23F871F1007B9207 /* Info.plist */ = {isa = PBXFileReference; lastKnownFileType = text.plist.xml; path = Info.plist; sourceTree = "<group>"; };
		C652EEF623F872CB007B9207 /* Dashboard.storyboard */ = {isa = PBXFileReference; lastKnownFileType = file.storyboard; path = Dashboard.storyboard; sourceTree = "<group>"; };
		C652EEF823F87324007B9207 /* Control.storyboard */ = {isa = PBXFileReference; lastKnownFileType = file.storyboard; path = Control.storyboard; sourceTree = "<group>"; };
		C652EEFA23F8733E007B9207 /* ControlScreen.swift */ = {isa = PBXFileReference; lastKnownFileType = sourcecode.swift; path = ControlScreen.swift; sourceTree = "<group>"; };
		C652EEFD23F87688007B9207 /* Sensor.swift */ = {isa = PBXFileReference; lastKnownFileType = sourcecode.swift; path = Sensor.swift; sourceTree = "<group>"; };
		C652EF0023F87C03007B9207 /* SensorCell.swift */ = {isa = PBXFileReference; lastKnownFileType = sourcecode.swift; path = SensorCell.swift; sourceTree = "<group>"; };
/* End PBXFileReference section */

/* Begin PBXFrameworksBuildPhase section */
		C652EEDA23F871EF007B9207 /* Frameworks */ = {
			isa = PBXFrameworksBuildPhase;
			buildActionMask = 2147483647;
			files = (
				C62821F223F8EFE1005D4F89 /* Charts.framework in Frameworks */,
				D587B63990BDAFC005E07B38 /* Pods_Irrizone.framework in Frameworks */,
			);
			runOnlyForDeploymentPostprocessing = 0;
		};
/* End PBXFrameworksBuildPhase section */

/* Begin PBXGroup section */
		C62821F323F8F75F005D4F89 /* Utilities */ = {
			isa = PBXGroup;
			children = (
				C62821F423F8F76C005D4F89 /* constants.swift */,
			);
			path = Utilities;
			sourceTree = "<group>";
		};
		C652EED423F871EF007B9207 = {
			isa = PBXGroup;
			children = (
				C652EEDF23F871EF007B9207 /* Irrizone */,
				C652EEDE23F871EF007B9207 /* Products */,
				CB22967303B673FC77B9A7A5 /* Pods */,
				FC98C2B9144FCB8A7E698897 /* Frameworks */,
			);
			sourceTree = "<group>";
		};
		C652EEDE23F871EF007B9207 /* Products */ = {
			isa = PBXGroup;
			children = (
				C652EEDD23F871EF007B9207 /* Irrizone.app */,
			);
			name = Products;
			sourceTree = "<group>";
		};
		C652EEDF23F871EF007B9207 /* Irrizone */ = {
			isa = PBXGroup;
			children = (
				C652EEFF23F87BA9007B9207 /* Cells */,
				C652EEFC23F8766D007B9207 /* Models */,
				C652EEF423F87213007B9207 /* Screens */,
				C652EEF523F87275007B9207 /* Storyboards */,
				C62821F323F8F75F005D4F89 /* Utilities */,
				C652EEE023F871EF007B9207 /* AppDelegate.swift */,
				C652EEE923F871F1007B9207 /* Assets.xcassets */,
				C652EEEE23F871F1007B9207 /* Info.plist */,
				C652EEEB23F871F1007B9207 /* LaunchScreen.storyboard */,
				C652EEE223F871EF007B9207 /* SceneDelegate.swift */,
			);
			path = Irrizone;
			sourceTree = "<group>";
		};
		C652EEF423F87213007B9207 /* Screens */ = {
			isa = PBXGroup;
			children = (
				C652EEFA23F8733E007B9207 /* ControlScreen.swift */,
				C652EEE423F871EF007B9207 /* DashboardScreen.swift */,
			);
			path = Screens;
			sourceTree = "<group>";
		};
		C652EEF523F87275007B9207 /* Storyboards */ = {
			isa = PBXGroup;
			children = (
				C652EEF823F87324007B9207 /* Control.storyboard */,
				C652EEF623F872CB007B9207 /* Dashboard.storyboard */,
				C652EEE623F871EF007B9207 /* Main.storyboard */,
			);
			path = Storyboards;
			sourceTree = "<group>";
		};
		C652EEFC23F8766D007B9207 /* Models */ = {
			isa = PBXGroup;
			children = (
				C652EEFD23F87688007B9207 /* Sensor.swift */,
			);
			path = Models;
			sourceTree = "<group>";
		};
		C652EEFF23F87BA9007B9207 /* Cells */ = {
			isa = PBXGroup;
			children = (
				C652EF0023F87C03007B9207 /* SensorCell.swift */,
			);
			path = Cells;
			sourceTree = "<group>";
		};
		CB22967303B673FC77B9A7A5 /* Pods */ = {
			isa = PBXGroup;
			children = (
				C13A914029A8D4D033A8E8E4 /* Pods-Irrizone.debug.xcconfig */,
				90C06A749C754511C27F509B /* Pods-Irrizone.release.xcconfig */,
			);
			path = Pods;
			sourceTree = "<group>";
		};
		FC98C2B9144FCB8A7E698897 /* Frameworks */ = {
			isa = PBXGroup;
			children = (
				C62821F123F8EFE1005D4F89 /* Charts.framework */,
				C62821ED23F8EF85005D4F89 /* Charts.framework */,
				C62821E623F8EF22005D4F89 /* Charts.framework */,
				1E554A935B72E217B9F1F751 /* Pods_Irrizone.framework */,
			);
			name = Frameworks;
			sourceTree = "<group>";
		};
/* End PBXGroup section */

/* Begin PBXNativeTarget section */
		C652EEDC23F871EF007B9207 /* Irrizone */ = {
			isa = PBXNativeTarget;
			buildConfigurationList = C652EEF123F871F1007B9207 /* Build configuration list for PBXNativeTarget "Irrizone" */;
			buildPhases = (
				2C5A001AC8E6BD08AF47841E /* [CP] Check Pods Manifest.lock */,
				C652EED923F871EF007B9207 /* Sources */,
				C652EEDA23F871EF007B9207 /* Frameworks */,
				C652EEDB23F871EF007B9207 /* Resources */,
				C2DA3FF867F5ED79410827AD /* [CP] Embed Pods Frameworks */,
			);
			buildRules = (
			);
			dependencies = (
			);
			name = Irrizone;
			productName = Irrizone;
			productReference = C652EEDD23F871EF007B9207 /* Irrizone.app */;
			productType = "com.apple.product-type.application";
		};
/* End PBXNativeTarget section */

/* Begin PBXProject section */
		C652EED523F871EF007B9207 /* Project object */ = {
			isa = PBXProject;
			attributes = {
				LastSwiftUpdateCheck = 1130;
				LastUpgradeCheck = 1130;
				ORGANIZATIONNAME = "Jerry Turcios";
				TargetAttributes = {
					C652EEDC23F871EF007B9207 = {
						CreatedOnToolsVersion = 11.3.1;
					};
				};
			};
			buildConfigurationList = C652EED823F871EF007B9207 /* Build configuration list for PBXProject "Irrizone" */;
			compatibilityVersion = "Xcode 9.3";
			developmentRegion = en;
			hasScannedForEncodings = 0;
			knownRegions = (
				en,
				Base,
			);
			mainGroup = C652EED423F871EF007B9207;
			productRefGroup = C652EEDE23F871EF007B9207 /* Products */;
			projectDirPath = "";
			projectRoot = "";
			targets = (
				C652EEDC23F871EF007B9207 /* Irrizone */,
			);
		};
/* End PBXProject section */

/* Begin PBXResourcesBuildPhase section */
		C652EEDB23F871EF007B9207 /* Resources */ = {
			isa = PBXResourcesBuildPhase;
			buildActionMask = 2147483647;
			files = (
				C652EEF923F87324007B9207 /* Control.storyboard in Resources */,
				C652EEED23F871F1007B9207 /* LaunchScreen.storyboard in Resources */,
				C652EEEA23F871F1007B9207 /* Assets.xcassets in Resources */,
				C652EEE823F871EF007B9207 /* Main.storyboard in Resources */,
				C652EEF723F872CB007B9207 /* Dashboard.storyboard in Resources */,
			);
			runOnlyForDeploymentPostprocessing = 0;
		};
/* End PBXResourcesBuildPhase section */

/* Begin PBXShellScriptBuildPhase section */
		2C5A001AC8E6BD08AF47841E /* [CP] Check Pods Manifest.lock */ = {
			isa = PBXShellScriptBuildPhase;
			buildActionMask = 2147483647;
			files = (
			);
			inputFileListPaths = (
			);
			inputPaths = (
				"${PODS_PODFILE_DIR_PATH}/Podfile.lock",
				"${PODS_ROOT}/Manifest.lock",
			);
			name = "[CP] Check Pods Manifest.lock";
			outputFileListPaths = (
			);
			outputPaths = (
				"$(DERIVED_FILE_DIR)/Pods-Irrizone-checkManifestLockResult.txt",
			);
			runOnlyForDeploymentPostprocessing = 0;
			shellPath = /bin/sh;
			shellScript = "diff \"${PODS_PODFILE_DIR_PATH}/Podfile.lock\" \"${PODS_ROOT}/Manifest.lock\" > /dev/null\nif [ $? != 0 ] ; then\n    # print error to STDERR\n    echo \"error: The sandbox is not in sync with the Podfile.lock. Run 'pod install' or update your CocoaPods installation.\" >&2\n    exit 1\nfi\n# This output is used by Xcode 'outputs' to avoid re-running this script phase.\necho \"SUCCESS\" > \"${SCRIPT_OUTPUT_FILE_0}\"\n";
			showEnvVarsInLog = 0;
		};
		C2DA3FF867F5ED79410827AD /* [CP] Embed Pods Frameworks */ = {
			isa = PBXShellScriptBuildPhase;
			buildActionMask = 2147483647;
			files = (
			);
			inputFileListPaths = (
				"${PODS_ROOT}/Target Support Files/Pods-Irrizone/Pods-Irrizone-frameworks-${CONFIGURATION}-input-files.xcfilelist",
			);
			name = "[CP] Embed Pods Frameworks";
			outputFileListPaths = (
				"${PODS_ROOT}/Target Support Files/Pods-Irrizone/Pods-Irrizone-frameworks-${CONFIGURATION}-output-files.xcfilelist",
			);
			runOnlyForDeploymentPostprocessing = 0;
			shellPath = /bin/sh;
			shellScript = "\"${PODS_ROOT}/Target Support Files/Pods-Irrizone/Pods-Irrizone-frameworks.sh\"\n";
			showEnvVarsInLog = 0;
		};
/* End PBXShellScriptBuildPhase section */

/* Begin PBXSourcesBuildPhase section */
		C652EED923F871EF007B9207 /* Sources */ = {
			isa = PBXSourcesBuildPhase;
			buildActionMask = 2147483647;
			files = (
				C652EEE523F871EF007B9207 /* DashboardScreen.swift in Sources */,
				C652EEFE23F87688007B9207 /* Sensor.swift in Sources */,
				C652EEE123F871EF007B9207 /* AppDelegate.swift in Sources */,
				C62821F523F8F76C005D4F89 /* constants.swift in Sources */,
				C652EEE323F871EF007B9207 /* SceneDelegate.swift in Sources */,
				C652EEFB23F8733E007B9207 /* ControlScreen.swift in Sources */,
				C652EF0123F87C03007B9207 /* SensorCell.swift in Sources */,
			);
			runOnlyForDeploymentPostprocessing = 0;
		};
/* End PBXSourcesBuildPhase section */

/* Begin PBXVariantGroup section */
		C652EEE623F871EF007B9207 /* Main.storyboard */ = {
			isa = PBXVariantGroup;
			children = (
				C652EEE723F871EF007B9207 /* Base */,
			);
			name = Main.storyboard;
			sourceTree = "<group>";
		};
		C652EEEB23F871F1007B9207 /* LaunchScreen.storyboard */ = {
			isa = PBXVariantGroup;
			children = (
				C652EEEC23F871F1007B9207 /* Base */,
			);
			name = LaunchScreen.storyboard;
			sourceTree = "<group>";
		};
/* End PBXVariantGroup section */

/* Begin XCBuildConfiguration section */
		C652EEEF23F871F1007B9207 /* Debug */ = {
			isa = XCBuildConfiguration;
			buildSettings = {
				ALWAYS_SEARCH_USER_PATHS = NO;
				CLANG_ANALYZER_NONNULL = YES;
				CLANG_ANALYZER_NUMBER_OBJECT_CONVERSION = YES_AGGRESSIVE;
				CLANG_CXX_LANGUAGE_STANDARD = "gnu++14";
				CLANG_CXX_LIBRARY = "libc++";
				CLANG_ENABLE_MODULES = YES;
				CLANG_ENABLE_OBJC_ARC = YES;
				CLANG_ENABLE_OBJC_WEAK = YES;
				CLANG_WARN_BLOCK_CAPTURE_AUTORELEASING = YES;
				CLANG_WARN_BOOL_CONVERSION = YES;
				CLANG_WARN_COMMA = YES;
				CLANG_WARN_CONSTANT_CONVERSION = YES;
				CLANG_WARN_DEPRECATED_OBJC_IMPLEMENTATIONS = YES;
				CLANG_WARN_DIRECT_OBJC_ISA_USAGE = YES_ERROR;
				CLANG_WARN_DOCUMENTATION_COMMENTS = YES;
				CLANG_WARN_EMPTY_BODY = YES;
				CLANG_WARN_ENUM_CONVERSION = YES;
				CLANG_WARN_INFINITE_RECURSION = YES;
				CLANG_WARN_INT_CONVERSION = YES;
				CLANG_WARN_NON_LITERAL_NULL_CONVERSION = YES;
				CLANG_WARN_OBJC_IMPLICIT_RETAIN_SELF = YES;
				CLANG_WARN_OBJC_LITERAL_CONVERSION = YES;
				CLANG_WARN_OBJC_ROOT_CLASS = YES_ERROR;
				CLANG_WARN_RANGE_LOOP_ANALYSIS = YES;
				CLANG_WARN_STRICT_PROTOTYPES = YES;
				CLANG_WARN_SUSPICIOUS_MOVE = YES;
				CLANG_WARN_UNGUARDED_AVAILABILITY = YES_AGGRESSIVE;
				CLANG_WARN_UNREACHABLE_CODE = YES;
				CLANG_WARN__DUPLICATE_METHOD_MATCH = YES;
				COPY_PHASE_STRIP = NO;
				DEBUG_INFORMATION_FORMAT = dwarf;
				ENABLE_STRICT_OBJC_MSGSEND = YES;
				ENABLE_TESTABILITY = YES;
				GCC_C_LANGUAGE_STANDARD = gnu11;
				GCC_DYNAMIC_NO_PIC = NO;
				GCC_NO_COMMON_BLOCKS = YES;
				GCC_OPTIMIZATION_LEVEL = 0;
				GCC_PREPROCESSOR_DEFINITIONS = (
					"DEBUG=1",
					"$(inherited)",
				);
				GCC_WARN_64_TO_32_BIT_CONVERSION = YES;
				GCC_WARN_ABOUT_RETURN_TYPE = YES_ERROR;
				GCC_WARN_UNDECLARED_SELECTOR = YES;
				GCC_WARN_UNINITIALIZED_AUTOS = YES_AGGRESSIVE;
				GCC_WARN_UNUSED_FUNCTION = YES;
				GCC_WARN_UNUSED_VARIABLE = YES;
				IPHONEOS_DEPLOYMENT_TARGET = 13.2;
				MTL_ENABLE_DEBUG_INFO = INCLUDE_SOURCE;
				MTL_FAST_MATH = YES;
				ONLY_ACTIVE_ARCH = YES;
				SDKROOT = iphoneos;
				SWIFT_ACTIVE_COMPILATION_CONDITIONS = DEBUG;
				SWIFT_OPTIMIZATION_LEVEL = "-Onone";
			};
			name = Debug;
		};
		C652EEF023F871F1007B9207 /* Release */ = {
			isa = XCBuildConfiguration;
			buildSettings = {
				ALWAYS_SEARCH_USER_PATHS = NO;
				CLANG_ANALYZER_NONNULL = YES;
				CLANG_ANALYZER_NUMBER_OBJECT_CONVERSION = YES_AGGRESSIVE;
				CLANG_CXX_LANGUAGE_STANDARD = "gnu++14";
				CLANG_CXX_LIBRARY = "libc++";
				CLANG_ENABLE_MODULES = YES;
				CLANG_ENABLE_OBJC_ARC = YES;
				CLANG_ENABLE_OBJC_WEAK = YES;
				CLANG_WARN_BLOCK_CAPTURE_AUTORELEASING = YES;
				CLANG_WARN_BOOL_CONVERSION = YES;
				CLANG_WARN_COMMA = YES;
				CLANG_WARN_CONSTANT_CONVERSION = YES;
				CLANG_WARN_DEPRECATED_OBJC_IMPLEMENTATIONS = YES;
				CLANG_WARN_DIRECT_OBJC_ISA_USAGE = YES_ERROR;
				CLANG_WARN_DOCUMENTATION_COMMENTS = YES;
				CLANG_WARN_EMPTY_BODY = YES;
				CLANG_WARN_ENUM_CONVERSION = YES;
				CLANG_WARN_INFINITE_RECURSION = YES;
				CLANG_WARN_INT_CONVERSION = YES;
				CLANG_WARN_NON_LITERAL_NULL_CONVERSION = YES;
				CLANG_WARN_OBJC_IMPLICIT_RETAIN_SELF = YES;
				CLANG_WARN_OBJC_LITERAL_CONVERSION = YES;
				CLANG_WARN_OBJC_ROOT_CLASS = YES_ERROR;
				CLANG_WARN_RANGE_LOOP_ANALYSIS = YES;
				CLANG_WARN_STRICT_PROTOTYPES = YES;
				CLANG_WARN_SUSPICIOUS_MOVE = YES;
				CLANG_WARN_UNGUARDED_AVAILABILITY = YES_AGGRESSIVE;
				CLANG_WARN_UNREACHABLE_CODE = YES;
				CLANG_WARN__DUPLICATE_METHOD_MATCH = YES;
				COPY_PHASE_STRIP = NO;
				DEBUG_INFORMATION_FORMAT = "dwarf-with-dsym";
				ENABLE_NS_ASSERTIONS = NO;
				ENABLE_STRICT_OBJC_MSGSEND = YES;
				GCC_C_LANGUAGE_STANDARD = gnu11;
				GCC_NO_COMMON_BLOCKS = YES;
				GCC_WARN_64_TO_32_BIT_CONVERSION = YES;
				GCC_WARN_ABOUT_RETURN_TYPE = YES_ERROR;
				GCC_WARN_UNDECLARED_SELECTOR = YES;
				GCC_WARN_UNINITIALIZED_AUTOS = YES_AGGRESSIVE;
				GCC_WARN_UNUSED_FUNCTION = YES;
				GCC_WARN_UNUSED_VARIABLE = YES;
				IPHONEOS_DEPLOYMENT_TARGET = 13.2;
				MTL_ENABLE_DEBUG_INFO = NO;
				MTL_FAST_MATH = YES;
				SDKROOT = iphoneos;
				SWIFT_COMPILATION_MODE = wholemodule;
				SWIFT_OPTIMIZATION_LEVEL = "-O";
				VALIDATE_PRODUCT = YES;
			};
			name = Release;
		};
		C652EEF223F871F1007B9207 /* Debug */ = {
			isa = XCBuildConfiguration;
			baseConfigurationReference = C13A914029A8D4D033A8E8E4 /* Pods-Irrizone.debug.xcconfig */;
			buildSettings = {
				ASSETCATALOG_COMPILER_APPICON_NAME = AppIcon;
				CODE_SIGN_STYLE = Automatic;
				DEVELOPMENT_TEAM = DU8BZ7Q774;
				INFOPLIST_FILE = Irrizone/Info.plist;
				LD_RUNPATH_SEARCH_PATHS = (
					"$(inherited)",
					"@executable_path/Frameworks",
				);
				PRODUCT_BUNDLE_IDENTIFIER = com.JerryTurcios.Irrizone;
				PRODUCT_NAME = "$(TARGET_NAME)";
				SWIFT_VERSION = 5.0;
				TARGETED_DEVICE_FAMILY = 1;
			};
			name = Debug;
		};
		C652EEF323F871F1007B9207 /* Release */ = {
			isa = XCBuildConfiguration;
			baseConfigurationReference = 90C06A749C754511C27F509B /* Pods-Irrizone.release.xcconfig */;
			buildSettings = {
				ASSETCATALOG_COMPILER_APPICON_NAME = AppIcon;
				CODE_SIGN_STYLE = Automatic;
				DEVELOPMENT_TEAM = DU8BZ7Q774;
				INFOPLIST_FILE = Irrizone/Info.plist;
				LD_RUNPATH_SEARCH_PATHS = (
					"$(inherited)",
					"@executable_path/Frameworks",
				);
				PRODUCT_BUNDLE_IDENTIFIER = com.JerryTurcios.Irrizone;
				PRODUCT_NAME = "$(TARGET_NAME)";
				SWIFT_VERSION = 5.0;
				TARGETED_DEVICE_FAMILY = 1;
			};
			name = Release;
		};
/* End XCBuildConfiguration section */

/* Begin XCConfigurationList section */
		C652EED823F871EF007B9207 /* Build configuration list for PBXProject "Irrizone" */ = {
			isa = XCConfigurationList;
			buildConfigurations = (
				C652EEEF23F871F1007B9207 /* Debug */,
				C652EEF023F871F1007B9207 /* Release */,
			);
			defaultConfigurationIsVisible = 0;
			defaultConfigurationName = Release;
		};
		C652EEF123F871F1007B9207 /* Build configuration list for PBXNativeTarget "Irrizone" */ = {
			isa = XCConfigurationList;
			buildConfigurations = (
				C652EEF223F871F1007B9207 /* Debug */,
				C652EEF323F871F1007B9207 /* Release */,
			);
			defaultConfigurationIsVisible = 0;
			defaultConfigurationName = Release;
		};
/* End XCConfigurationList section */
	};
	rootObject = C652EED523F871EF007B9207 /* Project object */;
}
